
Microsoft Visual Studio Solution File, Format Version 12.00
Project("{FAE04EC0-301F-11D3-BF4B-00C04F79EFBC}") = "VideoContentReviews.Service", "src/VideoContentReviews.Service\VideoContentReviews.Service.csproj", "{ADBCFCC2-AB21-46C7-B953-82A8D3ABE025}"
EndProject
Project("{FAE04EC0-301F-11D3-BF4B-00C04F79EFBC}") = "VideoContentReviews.DataAccess", "src/VideoContentReviews.DataAccess\VideoContentReviews.DataAccess.csproj", "{89B14EAD-2553-49E8-A997-8BDC73C9CF58}"
EndProject
Project("{FAE04EC0-301F-11D3-BF4B-00C04F79EFBC}") = "VideoContentReviews.BL", "src\VideoContentReviews.BL\VideoContentReviews.BL.csproj", "{8B14AB17-6436-408D-861B-7EB1F84CE0AC}"
EndProject
Project("{2150E333-8FDC-42A3-9474-1A3956D46DE8}") = "src", "src", "{6A3E820B-28D6-4864-982A-BD4761B039C6}"
EndProject
Project("{FAE04EC0-301F-11D3-BF4B-00C04F79EFBC}") = "VideoContentReviews.BL.UnitTests", "src\VideoContentReviews.BL.UnitTests\VideoContentReviews.BL.UnitTests.csproj", "{33A2D516-6494-4F74-8B86-A9AD55093C2F}"
EndProject
Global
	GlobalSection(SolutionConfigurationPlatforms) = preSolution
		Debug|Any CPU = Debug|Any CPU
		Release|Any CPU = Release|Any CPU
	EndGlobalSection
	GlobalSection(ProjectConfigurationPlatforms) = postSolution
		{ADBCFCC2-AB21-46C7-B953-82A8D3ABE025}.Debug|Any CPU.ActiveCfg = Debug|Any CPU
		{ADBCFCC2-AB21-46C7-B953-82A8D3ABE025}.Debug|Any CPU.Build.0 = Debug|Any CPU
		{ADBCFCC2-AB21-46C7-B953-82A8D3ABE025}.Release|Any CPU.ActiveCfg = Release|Any CPU
		{ADBCFCC2-AB21-46C7-B953-82A8D3ABE025}.Release|Any CPU.Build.0 = Release|Any CPU
		{89B14EAD-2553-49E8-A997-8BDC73C9CF58}.Debug|Any CPU.ActiveCfg = Debug|Any CPU
		{89B14EAD-2553-49E8-A997-8BDC73C9CF58}.Debug|Any CPU.Build.0 = Debug|Any CPU
		{89B14EAD-2553-49E8-A997-8BDC73C9CF58}.Release|Any CPU.ActiveCfg = Release|Any CPU
		{89B14EAD-2553-49E8-A997-8BDC73C9CF58}.Release|Any CPU.Build.0 = Release|Any CPU
		{8B14AB17-6436-408D-861B-7EB1F84CE0AC}.Debug|Any CPU.ActiveCfg = Debug|Any CPU
		{8B14AB17-6436-408D-861B-7EB1F84CE0AC}.Debug|Any CPU.Build.0 = Debug|Any CPU
		{8B14AB17-6436-408D-861B-7EB1F84CE0AC}.Release|Any CPU.ActiveCfg = Release|Any CPU
		{8B14AB17-6436-408D-861B-7EB1F84CE0AC}.Release|Any CPU.Build.0 = Release|Any CPU
		{33A2D516-6494-4F74-8B86-A9AD55093C2F}.Debug|Any CPU.ActiveCfg = Debug|Any CPU
		{33A2D516-6494-4F74-8B86-A9AD55093C2F}.Debug|Any CPU.Build.0 = Debug|Any CPU
		{33A2D516-6494-4F74-8B86-A9AD55093C2F}.Release|Any CPU.ActiveCfg = Release|Any CPU
		{33A2D516-6494-4F74-8B86-A9AD55093C2F}.Release|Any CPU.Build.0 = Release|Any CPU
	EndGlobalSection
	GlobalSection(NestedProjects) = preSolution
		{8B14AB17-6436-408D-861B-7EB1F84CE0AC} = {6A3E820B-28D6-4864-982A-BD4761B039C6}
		{89B14EAD-2553-49E8-A997-8BDC73C9CF58} = {6A3E820B-28D6-4864-982A-BD4761B039C6}
		{ADBCFCC2-AB21-46C7-B953-82A8D3ABE025} = {6A3E820B-28D6-4864-982A-BD4761B039C6}
		{33A2D516-6494-4F74-8B86-A9AD55093C2F} = {6A3E820B-28D6-4864-982A-BD4761B039C6}
	EndGlobalSection
EndGlobal
